
Microsoft Visual Studio Solution File, Format Version 12.00
# Visual Studio Version 16
VisualStudioVersion = 16.0.30523.141
MinimumVisualStudioVersion = 10.0.40219.1
Project("{FAE04EC0-301F-11D3-BF4B-00C04F79EFBC}") = "Fapx_Web", "Fapx_Web\Fapx_Web.csproj", "{8FC0F92F-C9D7-49ED-B287-ED75421AA3E9}"
EndProject
Global
	GlobalSection(SolutionConfigurationPlatforms) = preSolution
		Debug|Any CPU = Debug|Any CPU
		Release|Any CPU = Release|Any CPU
	EndGlobalSection
	GlobalSection(ProjectConfigurationPlatforms) = postSolution
		{8FC0F92F-C9D7-49ED-B287-ED75421AA3E9}.Debug|Any CPU.ActiveCfg = Debug|Any CPU
		{8FC0F92F-C9D7-49ED-B287-ED75421AA3E9}.Debug|Any CPU.Build.0 = Debug|Any CPU
		{8FC0F92F-C9D7-49ED-B287-ED75421AA3E9}.Release|Any CPU.ActiveCfg = Release|Any CPU
		{8FC0F92F-C9D7-49ED-B287-ED75421AA3E9}.Release|Any CPU.Build.0 = Release|Any CPU
	EndGlobalSection
	GlobalSection(SolutionProperties) = preSolution
		HideSolutionNode = FALSE
	EndGlobalSection
	GlobalSection(ExtensibilityGlobals) = postSolution
		SolutionGuid = {1D7CC4FE-7138-4072-8007-95EFF8A6954E}
	EndGlobalSection
EndGlobal
